
Microsoft Visual Studio Solution File, Format Version 12.00
# Visual Studio Version 17
VisualStudioVersion = 17.1.32210.238
MinimumVisualStudioVersion = 10.0.40219.1
Project("{2150E333-8FDC-42A3-9474-1A3956D46DE8}") = "Solution Items", "Solution Items", "{578F2483-CF08-409D-A316-31BCB7C5D9D0}"
	ProjectSection(SolutionItems) = preProject
		Build.ps1 = Build.ps1
		.github\workflows\ci.yml = .github\workflows\ci.yml
		Directory.Build.props = Directory.Build.props
		global.json = global.json
		icon.png = icon.png
		Push.ps1 = Push.ps1
		README.md = README.md
		.github\workflows\release.yml = .github\workflows\release.yml
		version.props = version.props
	EndProjectSection
EndProject
Project("{9A19103F-16F7-4668-BE54-9A1E7A4F7556}") = "AutoMapper.Collection", "src\AutoMapper.Collection\AutoMapper.Collection.csproj", "{37AD667A-8080-476C-88FD-20310AC7CAF3}"
EndProject
Project("{9A19103F-16F7-4668-BE54-9A1E7A4F7556}") = "AutoMapper.Collection.EntityFramework", "src\AutoMapper.Collection.EntityFramework\AutoMapper.Collection.EntityFramework.csproj", "{E0FD41FD-AF5B-4BEC-970F-8412E7B6C914}"
EndProject
Project("{9A19103F-16F7-4668-BE54-9A1E7A4F7556}") = "AutoMapper.Collection.Tests", "src\AutoMapper.Collection.Tests\AutoMapper.Collection.Tests.csproj", "{2D3D34AD-6A0A-4382-9A2F-894F52D184A7}"
EndProject
Project("{9A19103F-16F7-4668-BE54-9A1E7A4F7556}") = "AutoMapper.Collection.EntityFramework.Tests", "src\AutoMapper.Collection.EntityFramework.Tests\AutoMapper.Collection.EntityFramework.Tests.csproj", "{BDE127AB-AC3F-44DF-BC33-210DAFD12E15}"
EndProject
Global
	GlobalSection(SolutionConfigurationPlatforms) = preSolution
		Debug|Any CPU = Debug|Any CPU
		Release|Any CPU = Release|Any CPU
	EndGlobalSection
	GlobalSection(ProjectConfigurationPlatforms) = postSolution
		{37AD667A-8080-476C-88FD-20310AC7CAF3}.Debug|Any CPU.ActiveCfg = Debug|Any CPU
		{37AD667A-8080-476C-88FD-20310AC7CAF3}.Debug|Any CPU.Build.0 = Debug|Any CPU
		{37AD667A-8080-476C-88FD-20310AC7CAF3}.Release|Any CPU.ActiveCfg = Release|Any CPU
		{37AD667A-8080-476C-88FD-20310AC7CAF3}.Release|Any CPU.Build.0 = Release|Any CPU
		{E0FD41FD-AF5B-4BEC-970F-8412E7B6C914}.Debug|Any CPU.ActiveCfg = Debug|Any CPU
		{E0FD41FD-AF5B-4BEC-970F-8412E7B6C914}.Debug|Any CPU.Build.0 = Debug|Any CPU
		{E0FD41FD-AF5B-4BEC-970F-8412E7B6C914}.Release|Any CPU.ActiveCfg = Release|Any CPU
		{E0FD41FD-AF5B-4BEC-970F-8412E7B6C914}.Release|Any CPU.Build.0 = Release|Any CPU
		{2D3D34AD-6A0A-4382-9A2F-894F52D184A7}.Debug|Any CPU.ActiveCfg = Debug|Any CPU
		{2D3D34AD-6A0A-4382-9A2F-894F52D184A7}.Debug|Any CPU.Build.0 = Debug|Any CPU
		{2D3D34AD-6A0A-4382-9A2F-894F52D184A7}.Release|Any CPU.ActiveCfg = Release|Any CPU
		{2D3D34AD-6A0A-4382-9A2F-894F52D184A7}.Release|Any CPU.Build.0 = Release|Any CPU
		{BDE127AB-AC3F-44DF-BC33-210DAFD12E15}.Debug|Any CPU.ActiveCfg = Debug|Any CPU
		{BDE127AB-AC3F-44DF-BC33-210DAFD12E15}.Debug|Any CPU.Build.0 = Debug|Any CPU
		{BDE127AB-AC3F-44DF-BC33-210DAFD12E15}.Release|Any CPU.ActiveCfg = Release|Any CPU
		{BDE127AB-AC3F-44DF-BC33-210DAFD12E15}.Release|Any CPU.Build.0 = Release|Any CPU
	EndGlobalSection
	GlobalSection(SolutionProperties) = preSolution
		HideSolutionNode = FALSE
	EndGlobalSection
	GlobalSection(ExtensibilityGlobals) = postSolution
		SolutionGuid = {D5C8CD86-1F3F-4D3A-8A90-5F3726E8F998}
	EndGlobalSection
EndGlobal
